
Microsoft Visual Studio Solution File, Format Version 12.00
# Visual Studio Version 16
VisualStudioVersion = 16.0.32002.261
MinimumVisualStudioVersion = 10.0.40219.1
Project("{9A19103F-16F7-4668-BE54-9A1E7A4F7556}") = "DataAccess", "DataAccess\DataAccess.csproj", "{CD4C435D-6419-4813-9F75-A41C479E26F7}"
EndProject
Project("{9A19103F-16F7-4668-BE54-9A1E7A4F7556}") = "Entities", "Entities\Entities.csproj", "{7FFFDDC7-623F-49B6-8857-CFEECE3FA145}"
EndProject
Project("{9A19103F-16F7-4668-BE54-9A1E7A4F7556}") = "Business", "Business\Business.csproj", "{13B6C64D-1D4E-462C-9666-996050BFC038}"
EndProject
Project("{9A19103F-16F7-4668-BE54-9A1E7A4F7556}") = "SalesConsoleUI", "ConsoleUI1\SalesConsoleUI.csproj", "{4999D565-BB9B-48B1-BDBD-8A240E01255E}"
EndProject
Project("{FAE04EC0-301F-11D3-BF4B-00C04F79EFBC}") = "SalesUnitTest", "SalesUnitTest\SalesUnitTest.csproj", "{1F23242C-5211-4D7E-A4BB-09724B717F67}"
EndProject
Global
	GlobalSection(SolutionConfigurationPlatforms) = preSolution
		Debug|Any CPU = Debug|Any CPU
		Release|Any CPU = Release|Any CPU
	EndGlobalSection
	GlobalSection(ProjectConfigurationPlatforms) = postSolution
		{CD4C435D-6419-4813-9F75-A41C479E26F7}.Debug|Any CPU.ActiveCfg = Debug|Any CPU
		{CD4C435D-6419-4813-9F75-A41C479E26F7}.Debug|Any CPU.Build.0 = Debug|Any CPU
		{CD4C435D-6419-4813-9F75-A41C479E26F7}.Release|Any CPU.ActiveCfg = Release|Any CPU
		{CD4C435D-6419-4813-9F75-A41C479E26F7}.Release|Any CPU.Build.0 = Release|Any CPU
		{7FFFDDC7-623F-49B6-8857-CFEECE3FA145}.Debug|Any CPU.ActiveCfg = Debug|Any CPU
		{7FFFDDC7-623F-49B6-8857-CFEECE3FA145}.Debug|Any CPU.Build.0 = Debug|Any CPU
		{7FFFDDC7-623F-49B6-8857-CFEECE3FA145}.Release|Any CPU.ActiveCfg = Release|Any CPU
		{7FFFDDC7-623F-49B6-8857-CFEECE3FA145}.Release|Any CPU.Build.0 = Release|Any CPU
		{13B6C64D-1D4E-462C-9666-996050BFC038}.Debug|Any CPU.ActiveCfg = Debug|Any CPU
		{13B6C64D-1D4E-462C-9666-996050BFC038}.Debug|Any CPU.Build.0 = Debug|Any CPU
		{13B6C64D-1D4E-462C-9666-996050BFC038}.Release|Any CPU.ActiveCfg = Release|Any CPU
		{13B6C64D-1D4E-462C-9666-996050BFC038}.Release|Any CPU.Build.0 = Release|Any CPU
		{4999D565-BB9B-48B1-BDBD-8A240E01255E}.Debug|Any CPU.ActiveCfg = Debug|Any CPU
		{4999D565-BB9B-48B1-BDBD-8A240E01255E}.Debug|Any CPU.Build.0 = Debug|Any CPU
		{4999D565-BB9B-48B1-BDBD-8A240E01255E}.Release|Any CPU.ActiveCfg = Release|Any CPU
		{4999D565-BB9B-48B1-BDBD-8A240E01255E}.Release|Any CPU.Build.0 = Release|Any CPU
		{1F23242C-5211-4D7E-A4BB-09724B717F67}.Debug|Any CPU.ActiveCfg = Debug|Any CPU
		{1F23242C-5211-4D7E-A4BB-09724B717F67}.Debug|Any CPU.Build.0 = Debug|Any CPU
		{1F23242C-5211-4D7E-A4BB-09724B717F67}.Release|Any CPU.ActiveCfg = Release|Any CPU
		{1F23242C-5211-4D7E-A4BB-09724B717F67}.Release|Any CPU.Build.0 = Release|Any CPU
	EndGlobalSection
	GlobalSection(SolutionProperties) = preSolution
		HideSolutionNode = FALSE
	EndGlobalSection
	GlobalSection(ExtensibilityGlobals) = postSolution
		SolutionGuid = {E6EE4AA7-6573-41AD-81FB-9DDF968C8BED}
	EndGlobalSection
EndGlobal
